
Microsoft Visual Studio Solution File, Format Version 12.00
Project("{FAE04EC0-301F-11D3-BF4B-00C04F79EFBC}") = "ASD_2", "ASD_2\ASD_2.csproj", "{054F0EB6-4708-49E3-ADCA-B4ABA4AA6EA7}"
EndProject
Global
	GlobalSection(SolutionConfigurationPlatforms) = preSolution
		Debug|Any CPU = Debug|Any CPU
		Release|Any CPU = Release|Any CPU
	EndGlobalSection
	GlobalSection(ProjectConfigurationPlatforms) = postSolution
		{054F0EB6-4708-49E3-ADCA-B4ABA4AA6EA7}.Debug|Any CPU.ActiveCfg = Debug|Any CPU
		{054F0EB6-4708-49E3-ADCA-B4ABA4AA6EA7}.Debug|Any CPU.Build.0 = Debug|Any CPU
		{054F0EB6-4708-49E3-ADCA-B4ABA4AA6EA7}.Release|Any CPU.ActiveCfg = Release|Any CPU
		{054F0EB6-4708-49E3-ADCA-B4ABA4AA6EA7}.Release|Any CPU.Build.0 = Release|Any CPU
	EndGlobalSection
EndGlobal
